
Microsoft Visual Studio Solution File, Format Version 12.00
# Visual Studio Version 17
VisualStudioVersion = 17.3.32929.385
MinimumVisualStudioVersion = 10.0.40219.1
Project("{FAE04EC0-301F-11D3-BF4B-00C04F79EFBC}") = "Crash", "Crash\Crash.csproj", "{FF5923AC-5721-4C5D-B92D-36FA02C68515}"
EndProject
Project("{FAE04EC0-301F-11D3-BF4B-00C04F79EFBC}") = "SpeckLib", "SpeckLib\SpeckLib.csproj", "{C8623934-01EB-48B2-B486-4355D5F80ADD}"
EndProject
Global
	GlobalSection(SolutionConfigurationPlatforms) = preSolution
		Debug|Any CPU = Debug|Any CPU
		Release|Any CPU = Release|Any CPU
	EndGlobalSection
	GlobalSection(ProjectConfigurationPlatforms) = postSolution
		{FF5923AC-5721-4C5D-B92D-36FA02C68515}.Debug|Any CPU.ActiveCfg = Debug|Any CPU
		{FF5923AC-5721-4C5D-B92D-36FA02C68515}.Debug|Any CPU.Build.0 = Debug|Any CPU
		{FF5923AC-5721-4C5D-B92D-36FA02C68515}.Release|Any CPU.ActiveCfg = Release|Any CPU
		{FF5923AC-5721-4C5D-B92D-36FA02C68515}.Release|Any CPU.Build.0 = Release|Any CPU
		{C8623934-01EB-48B2-B486-4355D5F80ADD}.Debug|Any CPU.ActiveCfg = Debug|Any CPU
		{C8623934-01EB-48B2-B486-4355D5F80ADD}.Debug|Any CPU.Build.0 = Debug|Any CPU
		{C8623934-01EB-48B2-B486-4355D5F80ADD}.Release|Any CPU.ActiveCfg = Release|Any CPU
		{C8623934-01EB-48B2-B486-4355D5F80ADD}.Release|Any CPU.Build.0 = Release|Any CPU
	EndGlobalSection
	GlobalSection(SolutionProperties) = preSolution
		HideSolutionNode = FALSE
	EndGlobalSection
	GlobalSection(ExtensibilityGlobals) = postSolution
		SolutionGuid = {8D9F64F3-0D9F-4D7F-9445-5215BF29D663}
	EndGlobalSection
EndGlobal
