
Microsoft Visual Studio Solution File, Format Version 12.00
# Visual Studio Version 17
VisualStudioVersion = 17.3.32901.215
MinimumVisualStudioVersion = 10.0.40219.1
Project("{9A19103F-16F7-4668-BE54-9A1E7A4F7556}") = "Crash", "src\Crash\Crash.csproj", "{FF5923AC-5721-4C5D-B92D-36FA02C68515}"
	ProjectSection(ProjectDependencies) = postProject
		{546E1EBF-7B4C-49C4-92F4-4325C248A473} = {546E1EBF-7B4C-49C4-92F4-4325C248A473}
	EndProjectSection
EndProject
Project("{9A19103F-16F7-4668-BE54-9A1E7A4F7556}") = "SpeckLib", "src\SpeckLib\SpeckLib.csproj", "{C8623934-01EB-48B2-B486-4355D5F80ADD}"
EndProject
Project("{9A19103F-16F7-4668-BE54-9A1E7A4F7556}") = "Crash.Server", "src\Crash.Server\Crash.Server.csproj", "{546E1EBF-7B4C-49C4-92F4-4325C248A473}"
EndProject
Project("{9A19103F-16F7-4668-BE54-9A1E7A4F7556}") = "Crash.Client", "src\Crash.Client\Crash.Client.csproj", "{399DFBDE-D716-481C-BBEA-1FB224140EC4}"
EndProject
Project("{9A19103F-16F7-4668-BE54-9A1E7A4F7556}") = "Crash.ClientTestApp", "tests\Crash.ClientTestApp\Crash.ClientTestApp.csproj", "{3D8DFE22-47A0-4B8B-BB14-79B560B1760E}"
EndProject
Project("{9A19103F-16F7-4668-BE54-9A1E7A4F7556}") = "Crash.Server.Tests", "tests\Crash.Server.Tests\Crash.Server.Tests.csproj", "{79757315-2EB1-4AF2-9B1D-CCA0477D6ABF}"
EndProject
Project("{2150E333-8FDC-42A3-9474-1A3956D46DE8}") = "Tests", "Tests", "{F8397E91-1EEA-4960-9685-7F76B23F642D}"
EndProject
Project("{9A19103F-16F7-4668-BE54-9A1E7A4F7556}") = "Crash.Tests", "tests\Crash.Tests\Crash.Tests.csproj", "{F61E43D7-22DC-4B85-B514-C55F29C003B3}"
EndProject
Project("{9A19103F-16F7-4668-BE54-9A1E7A4F7556}") = "Crash.Client.Tests", "tests\Crash.Client.Tests\Crash.Client.Tests.csproj", "{770CF273-241F-401E-BCB8-C82482398042}"
EndProject
Project("{9A19103F-16F7-4668-BE54-9A1E7A4F7556}") = "ServerClient.Integration.Tests", "tests\ServerClient.Integration.Tests\ServerClient.Integration.Tests.csproj", "{CDF0CC8F-EB9E-4362-916C-314617F9818C}"
EndProject
Project("{2150E333-8FDC-42A3-9474-1A3956D46DE8}") = "Solution Items", "Solution Items", "{086123CF-2868-41BB-8F42-C0D636F36DA5}"
	ProjectSection(SolutionItems) = preProject
		.dockerignore = .dockerignore
		.editorconfig = .editorconfig
		.gitignore = .gitignore
		CHANGELOG.md = CHANGELOG.md
		CONTRIBUTING.md = CONTRIBUTING.md
		Dockerfile = Dockerfile
		LICENSE.md = LICENSE.md
		README.md = README.md
	EndProjectSection
EndProject
Project("{FAE04EC0-301F-11D3-BF4B-00C04F79EFBC}") = "Crash.Common", "CrashCommon\Crash.Common.csproj", "{68A409BE-0BBD-4F54-89D7-4B350B7EA847}"
EndProject
Global
	GlobalSection(SolutionConfigurationPlatforms) = preSolution
		Debug|Any CPU = Debug|Any CPU
		Release|Any CPU = Release|Any CPU
	EndGlobalSection
	GlobalSection(ProjectConfigurationPlatforms) = postSolution
		{FF5923AC-5721-4C5D-B92D-36FA02C68515}.Debug|Any CPU.ActiveCfg = Debug|Any CPU
		{FF5923AC-5721-4C5D-B92D-36FA02C68515}.Debug|Any CPU.Build.0 = Debug|Any CPU
		{FF5923AC-5721-4C5D-B92D-36FA02C68515}.Release|Any CPU.ActiveCfg = Release|Any CPU
		{FF5923AC-5721-4C5D-B92D-36FA02C68515}.Release|Any CPU.Build.0 = Release|Any CPU
		{C8623934-01EB-48B2-B486-4355D5F80ADD}.Debug|Any CPU.ActiveCfg = Debug|Any CPU
		{C8623934-01EB-48B2-B486-4355D5F80ADD}.Debug|Any CPU.Build.0 = Debug|Any CPU
		{C8623934-01EB-48B2-B486-4355D5F80ADD}.Release|Any CPU.ActiveCfg = Release|Any CPU
		{C8623934-01EB-48B2-B486-4355D5F80ADD}.Release|Any CPU.Build.0 = Release|Any CPU
		{546E1EBF-7B4C-49C4-92F4-4325C248A473}.Debug|Any CPU.ActiveCfg = Debug|Any CPU
		{546E1EBF-7B4C-49C4-92F4-4325C248A473}.Debug|Any CPU.Build.0 = Debug|Any CPU
		{546E1EBF-7B4C-49C4-92F4-4325C248A473}.Release|Any CPU.ActiveCfg = Release|Any CPU
		{546E1EBF-7B4C-49C4-92F4-4325C248A473}.Release|Any CPU.Build.0 = Release|Any CPU
		{399DFBDE-D716-481C-BBEA-1FB224140EC4}.Debug|Any CPU.ActiveCfg = Debug|Any CPU
		{399DFBDE-D716-481C-BBEA-1FB224140EC4}.Debug|Any CPU.Build.0 = Debug|Any CPU
		{399DFBDE-D716-481C-BBEA-1FB224140EC4}.Release|Any CPU.ActiveCfg = Release|Any CPU
		{399DFBDE-D716-481C-BBEA-1FB224140EC4}.Release|Any CPU.Build.0 = Release|Any CPU
		{3D8DFE22-47A0-4B8B-BB14-79B560B1760E}.Debug|Any CPU.ActiveCfg = Debug|Any CPU
		{3D8DFE22-47A0-4B8B-BB14-79B560B1760E}.Debug|Any CPU.Build.0 = Debug|Any CPU
		{3D8DFE22-47A0-4B8B-BB14-79B560B1760E}.Release|Any CPU.ActiveCfg = Release|Any CPU
		{3D8DFE22-47A0-4B8B-BB14-79B560B1760E}.Release|Any CPU.Build.0 = Release|Any CPU
		{79757315-2EB1-4AF2-9B1D-CCA0477D6ABF}.Debug|Any CPU.ActiveCfg = Debug|Any CPU
		{79757315-2EB1-4AF2-9B1D-CCA0477D6ABF}.Debug|Any CPU.Build.0 = Debug|Any CPU
		{79757315-2EB1-4AF2-9B1D-CCA0477D6ABF}.Release|Any CPU.ActiveCfg = Release|Any CPU
		{79757315-2EB1-4AF2-9B1D-CCA0477D6ABF}.Release|Any CPU.Build.0 = Release|Any CPU
		{F61E43D7-22DC-4B85-B514-C55F29C003B3}.Debug|Any CPU.ActiveCfg = Debug|Any CPU
		{F61E43D7-22DC-4B85-B514-C55F29C003B3}.Debug|Any CPU.Build.0 = Debug|Any CPU
		{F61E43D7-22DC-4B85-B514-C55F29C003B3}.Release|Any CPU.ActiveCfg = Release|Any CPU
		{F61E43D7-22DC-4B85-B514-C55F29C003B3}.Release|Any CPU.Build.0 = Release|Any CPU
		{770CF273-241F-401E-BCB8-C82482398042}.Debug|Any CPU.ActiveCfg = Debug|Any CPU
		{770CF273-241F-401E-BCB8-C82482398042}.Debug|Any CPU.Build.0 = Debug|Any CPU
		{770CF273-241F-401E-BCB8-C82482398042}.Release|Any CPU.ActiveCfg = Release|Any CPU
		{770CF273-241F-401E-BCB8-C82482398042}.Release|Any CPU.Build.0 = Release|Any CPU
		{CDF0CC8F-EB9E-4362-916C-314617F9818C}.Debug|Any CPU.ActiveCfg = Debug|Any CPU
		{CDF0CC8F-EB9E-4362-916C-314617F9818C}.Debug|Any CPU.Build.0 = Debug|Any CPU
		{CDF0CC8F-EB9E-4362-916C-314617F9818C}.Release|Any CPU.ActiveCfg = Release|Any CPU
		{CDF0CC8F-EB9E-4362-916C-314617F9818C}.Release|Any CPU.Build.0 = Release|Any CPU
		{68A409BE-0BBD-4F54-89D7-4B350B7EA847}.Debug|Any CPU.ActiveCfg = Debug|Any CPU
		{68A409BE-0BBD-4F54-89D7-4B350B7EA847}.Debug|Any CPU.Build.0 = Debug|Any CPU
		{68A409BE-0BBD-4F54-89D7-4B350B7EA847}.Release|Any CPU.ActiveCfg = Release|Any CPU
		{68A409BE-0BBD-4F54-89D7-4B350B7EA847}.Release|Any CPU.Build.0 = Release|Any CPU
	EndGlobalSection
	GlobalSection(SolutionProperties) = preSolution
		HideSolutionNode = FALSE
	EndGlobalSection
	GlobalSection(NestedProjects) = preSolution
		{3D8DFE22-47A0-4B8B-BB14-79B560B1760E} = {F8397E91-1EEA-4960-9685-7F76B23F642D}
		{79757315-2EB1-4AF2-9B1D-CCA0477D6ABF} = {F8397E91-1EEA-4960-9685-7F76B23F642D}
		{F61E43D7-22DC-4B85-B514-C55F29C003B3} = {F8397E91-1EEA-4960-9685-7F76B23F642D}
		{770CF273-241F-401E-BCB8-C82482398042} = {F8397E91-1EEA-4960-9685-7F76B23F642D}
		{CDF0CC8F-EB9E-4362-916C-314617F9818C} = {F8397E91-1EEA-4960-9685-7F76B23F642D}
	EndGlobalSection
	GlobalSection(ExtensibilityGlobals) = postSolution
		SolutionGuid = {8D9F64F3-0D9F-4D7F-9445-5215BF29D663}
	EndGlobalSection
EndGlobal
